
Microsoft Visual Studio Solution File, Format Version 12.00
# Visual Studio Version 16
VisualStudioVersion = 16.0.33423.256
MinimumVisualStudioVersion = 10.0.40219.1
Project("{FAE04EC0-301F-11D3-BF4B-00C04F79EFBC}") = "ExtoptPOtoGSheets", "ExtoptPOtoGSheets\ExtoptPOtoGSheets.csproj", "{C937B545-F2D8-48C5-B3E8-8B4F9B9580BD}"
EndProject
Global
	GlobalSection(SolutionConfigurationPlatforms) = preSolution
		Debug|Any CPU = Debug|Any CPU
		Release|Any CPU = Release|Any CPU
	EndGlobalSection
	GlobalSection(ProjectConfigurationPlatforms) = postSolution
		{C937B545-F2D8-48C5-B3E8-8B4F9B9580BD}.Debug|Any CPU.ActiveCfg = Debug|Any CPU
		{C937B545-F2D8-48C5-B3E8-8B4F9B9580BD}.Debug|Any CPU.Build.0 = Debug|Any CPU
		{C937B545-F2D8-48C5-B3E8-8B4F9B9580BD}.Release|Any CPU.ActiveCfg = Release|Any CPU
		{C937B545-F2D8-48C5-B3E8-8B4F9B9580BD}.Release|Any CPU.Build.0 = Release|Any CPU
	EndGlobalSection
	GlobalSection(SolutionProperties) = preSolution
		HideSolutionNode = FALSE
	EndGlobalSection
	GlobalSection(ExtensibilityGlobals) = postSolution
		SolutionGuid = {93E29010-6A5A-4432-9B13-F8AEFBC9D3B8}
	EndGlobalSection
EndGlobal
